
Microsoft Visual Studio Solution File, Format Version 12.00
# Visual Studio Version 16
VisualStudioVersion = 16.0.28729.10
MinimumVisualStudioVersion = 10.0.40219.1
Project("{F184B08F-C81C-45F6-A57F-5ABD9991F28F}") = "CBT_EXAM", "CBT_EXAM\CBT_EXAM.vbproj", "{7CEF9F0B-12AE-4C55-A133-1AFB0811394B}"
EndProject
Global
	GlobalSection(SolutionConfigurationPlatforms) = preSolution
		Debug|Any CPU = Debug|Any CPU
		Release|Any CPU = Release|Any CPU
	EndGlobalSection
	GlobalSection(ProjectConfigurationPlatforms) = postSolution
		{7CEF9F0B-12AE-4C55-A133-1AFB0811394B}.Debug|Any CPU.ActiveCfg = Debug|Any CPU
		{7CEF9F0B-12AE-4C55-A133-1AFB0811394B}.Debug|Any CPU.Build.0 = Debug|Any CPU
		{7CEF9F0B-12AE-4C55-A133-1AFB0811394B}.Release|Any CPU.ActiveCfg = Release|Any CPU
		{7CEF9F0B-12AE-4C55-A133-1AFB0811394B}.Release|Any CPU.Build.0 = Release|Any CPU
	EndGlobalSection
	GlobalSection(SolutionProperties) = preSolution
		HideSolutionNode = FALSE
	EndGlobalSection
	GlobalSection(ExtensibilityGlobals) = postSolution
		SolutionGuid = {B1E856A9-1C1E-42AC-B58E-51DE4CD74D0C}
	EndGlobalSection
EndGlobal
